PODS:
  - bonsoir_darwin (0.0.1):
    - Flutter
    - FlutterMacOS
  - device_info_plus (0.0.1):
    - FlutterMacOS
  - flutter_webrtc (0.12.6):
    - FlutterMacOS
    - WebRTC-SDK (= 125.6422.06)
  - flutter_window_close (0.0.1):
    - FlutterMacOS
  - FlutterMacOS (1.0.0)
  - mp_audio_stream (0.0.3):
    - FlutterMacOS
  - path_provider_macos (0.0.1):
    - FlutterMacOS
  - sqlite3 (3.47.2):
    - sqlite3/common (= 3.47.2)
  - sqlite3/common (3.47.2)
  - sqlite3/dbstatvtab (3.47.2):
    - sqlite3/common
  - sqlite3/fts5 (3.47.2):
    - sqlite3/common
  - sqlite3/perf-threadsafe (3.47.2):
    - sqlite3/common
  - sqlite3/rtree (3.47.2):
    - sqlite3/common
  - sqlite3_flutter_libs (0.0.1):
    - Flutter
    - FlutterMacOS
    - sqlite3 (~> 3.47.1)
    - sqlite3/dbstatvtab
    - sqlite3/fts5
    - sqlite3/perf-threadsafe
    - sqlite3/rtree
  - WebRTC-SDK (125.6422.06)

DEPENDENCIES:
  - bonsoir_darwin (from `Flutter/ephemeral/.symlinks/plugins/bonsoir_darwin/darwin`)
  - device_info_plus (from `Flutter/ephemeral/.symlinks/plugins/device_info_plus/macos`)
  - flutter_webrtc (from `Flutter/ephemeral/.symlinks/plugins/flutter_webrtc/macos`)
  - flutter_window_close (from `Flutter/ephemeral/.symlinks/plugins/flutter_window_close/macos`)
  - FlutterMacOS (from `Flutter/ephemeral`)
  - mp_audio_stream (from `Flutter/ephemeral/.symlinks/plugins/mp_audio_stream/macos`)
  - path_provider_macos (from `Flutter/ephemeral/.symlinks/plugins/path_provider_macos/macos`)
  - sqlite3_flutter_libs (from `Flutter/ephemeral/.symlinks/plugins/sqlite3_flutter_libs/darwin`)

SPEC REPOS:
  trunk:
    - sqlite3
    - WebRTC-SDK

EXTERNAL SOURCES:
  bonsoir_darwin:
    :path: Flutter/ephemeral/.symlinks/plugins/bonsoir_darwin/darwin
  device_info_plus:
    :path: Flutter/ephemeral/.symlinks/plugins/device_info_plus/macos
  flutter_webrtc:
    :path: Flutter/ephemeral/.symlinks/plugins/flutter_webrtc/macos
  flutter_window_close:
    :path: Flutter/ephemeral/.symlinks/plugins/flutter_window_close/macos
  FlutterMacOS:
    :path: Flutter/ephemeral
  mp_audio_stream:
    :path: Flutter/ephemeral/.symlinks/plugins/mp_audio_stream/macos
  path_provider_macos:
    :path: Flutter/ephemeral/.symlinks/plugins/path_provider_macos/macos
  sqlite3_flutter_libs:
    :path: Flutter/ephemeral/.symlinks/plugins/sqlite3_flutter_libs/darwin

SPEC CHECKSUMS:
  bonsoir_darwin: e3b8526c42ca46a885142df84229131dfabea842
  device_info_plus: 1b14eed9bf95428983aed283a8d51cce3d8c4215
  flutter_webrtc: d55fd3f5c75b42940b6b4b2cf376a5797398d1f8
  flutter_window_close: ee4a6b81ca6fafe93b7cba48b0a18976e3f48e39
  FlutterMacOS: 8f6f14fa908a6fb3fba0cd85dbd81ec4b251fb24
  mp_audio_stream: 6c773f43499f206e814f16a25e70d7d0820a2437
  path_provider_macos: 05fb0ef0cedf3e5bd179b9e41a638682b37133ea
  sqlite3: 7559e33dae4c78538df563795af3a86fc887ee71
  sqlite3_flutter_libs: 1b4e98da20ebd4e9b1240269b78cdcf492dbe9f3
  WebRTC-SDK: 79942c006ea64f6fb48d7da8a4786dfc820bc1db

PODFILE CHECKSUM: 9ebaf0ce3d369aaa26a9ea0e159195ed94724cf3

COCOAPODS: 1.14.3
